
Microsoft Visual Studio Solution File, Format Version 12.00
# Visual Studio Version 17
VisualStudioVersion = 17.3.32922.545
MinimumVisualStudioVersion = 10.0.40219.1
Project("{FAE04EC0-301F-11D3-BF4B-00C04F79EFBC}") = "Clinica", "Clinica\Clinica.csproj", "{F08C7E9D-3238-436E-8B56-BB9C1132B767}"
EndProject
Project("{FAE04EC0-301F-11D3-BF4B-00C04F79EFBC}") = "Controlador", "Controlador\Controlador.csproj", "{6F5B5660-F337-487A-8EC3-8A9CE43B63D4}"
EndProject
Project("{FAE04EC0-301F-11D3-BF4B-00C04F79EFBC}") = "Dominio", "Dominio\Dominio.csproj", "{3A13A625-BDB2-4E0B-A18F-902730F05FEF}"
EndProject
Global
	GlobalSection(SolutionConfigurationPlatforms) = preSolution
		Debug|Any CPU = Debug|Any CPU
		Release|Any CPU = Release|Any CPU
	EndGlobalSection
	GlobalSection(ProjectConfigurationPlatforms) = postSolution
		{F08C7E9D-3238-436E-8B56-BB9C1132B767}.Debug|Any CPU.ActiveCfg = Debug|Any CPU
		{F08C7E9D-3238-436E-8B56-BB9C1132B767}.Debug|Any CPU.Build.0 = Debug|Any CPU
		{F08C7E9D-3238-436E-8B56-BB9C1132B767}.Release|Any CPU.ActiveCfg = Release|Any CPU
		{F08C7E9D-3238-436E-8B56-BB9C1132B767}.Release|Any CPU.Build.0 = Release|Any CPU
		{6F5B5660-F337-487A-8EC3-8A9CE43B63D4}.Debug|Any CPU.ActiveCfg = Debug|Any CPU
		{6F5B5660-F337-487A-8EC3-8A9CE43B63D4}.Debug|Any CPU.Build.0 = Debug|Any CPU
		{6F5B5660-F337-487A-8EC3-8A9CE43B63D4}.Release|Any CPU.ActiveCfg = Release|Any CPU
		{6F5B5660-F337-487A-8EC3-8A9CE43B63D4}.Release|Any CPU.Build.0 = Release|Any CPU
		{3A13A625-BDB2-4E0B-A18F-902730F05FEF}.Debug|Any CPU.ActiveCfg = Debug|Any CPU
		{3A13A625-BDB2-4E0B-A18F-902730F05FEF}.Debug|Any CPU.Build.0 = Debug|Any CPU
		{3A13A625-BDB2-4E0B-A18F-902730F05FEF}.Release|Any CPU.ActiveCfg = Release|Any CPU
		{3A13A625-BDB2-4E0B-A18F-902730F05FEF}.Release|Any CPU.Build.0 = Release|Any CPU
	EndGlobalSection
	GlobalSection(SolutionProperties) = preSolution
		HideSolutionNode = FALSE
	EndGlobalSection
	GlobalSection(ExtensibilityGlobals) = postSolution
		SolutionGuid = {54D37FBD-C9B8-48DD-8CE2-13BA19DAE2FC}
	EndGlobalSection
EndGlobal
